
Microsoft Visual Studio Solution File, Format Version 12.00
# Visual Studio Version 17
VisualStudioVersion = 17.5.33627.172
MinimumVisualStudioVersion = 10.0.40219.1
Project("{9A19103F-16F7-4668-BE54-9A1E7A4F7556}") = "Smart_termoregulator", "Smart_termoregulator\Smart_termoregulator.csproj", "{0A962435-8ED5-439D-AC14-88ADA77D7E82}"
EndProject
Project("{FAE04EC0-301F-11D3-BF4B-00C04F79EFBC}") = "TestProject", "TestProject\TestProject.csproj", "{DE880069-49EF-404F-8986-BDAA3CD0DF9E}"
EndProject
Global
	GlobalSection(SolutionConfigurationPlatforms) = preSolution
		Debug|Any CPU = Debug|Any CPU
		Release|Any CPU = Release|Any CPU
	EndGlobalSection
	GlobalSection(ProjectConfigurationPlatforms) = postSolution
		{0A962435-8ED5-439D-AC14-88ADA77D7E82}.Debug|Any CPU.ActiveCfg = Debug|Any CPU
		{0A962435-8ED5-439D-AC14-88ADA77D7E82}.Debug|Any CPU.Build.0 = Debug|Any CPU
		{0A962435-8ED5-439D-AC14-88ADA77D7E82}.Release|Any CPU.ActiveCfg = Release|Any CPU
		{0A962435-8ED5-439D-AC14-88ADA77D7E82}.Release|Any CPU.Build.0 = Release|Any CPU
		{DE880069-49EF-404F-8986-BDAA3CD0DF9E}.Debug|Any CPU.ActiveCfg = Debug|Any CPU
		{DE880069-49EF-404F-8986-BDAA3CD0DF9E}.Debug|Any CPU.Build.0 = Debug|Any CPU
		{DE880069-49EF-404F-8986-BDAA3CD0DF9E}.Release|Any CPU.ActiveCfg = Release|Any CPU
		{DE880069-49EF-404F-8986-BDAA3CD0DF9E}.Release|Any CPU.Build.0 = Release|Any CPU
	EndGlobalSection
	GlobalSection(SolutionProperties) = preSolution
		HideSolutionNode = FALSE
	EndGlobalSection
	GlobalSection(ExtensibilityGlobals) = postSolution
		SolutionGuid = {C789CAD0-04C1-477E-ADCA-646CF73DF294}
	EndGlobalSection
EndGlobal
